
Microsoft Visual Studio Solution File, Format Version 12.00
# Visual Studio Version 17
VisualStudioVersion = 17.14.36930.0 d17.14
MinimumVisualStudioVersion = 10.0.40219.1
Project("{FAE04EC0-301F-11D3-BF4B-00C04F79EFBC}") = "Funcoes", "Funcoes\Funcoes.csproj", "{468F86B0-7A00-41F4-B41F-3688C0940743}"
EndProject
Global
	GlobalSection(SolutionConfigurationPlatforms) = preSolution
		Debug|Any CPU = Debug|Any CPU
		Release|Any CPU = Release|Any CPU
	EndGlobalSection
	GlobalSection(ProjectConfigurationPlatforms) = postSolution
		{468F86B0-7A00-41F4-B41F-3688C0940743}.Debug|Any CPU.ActiveCfg = Debug|Any CPU
		{468F86B0-7A00-41F4-B41F-3688C0940743}.Debug|Any CPU.Build.0 = Debug|Any CPU
		{468F86B0-7A00-41F4-B41F-3688C0940743}.Release|Any CPU.ActiveCfg = Release|Any CPU
		{468F86B0-7A00-41F4-B41F-3688C0940743}.Release|Any CPU.Build.0 = Release|Any CPU
	EndGlobalSection
	GlobalSection(SolutionProperties) = preSolution
		HideSolutionNode = FALSE
	EndGlobalSection
	GlobalSection(ExtensibilityGlobals) = postSolution
		SolutionGuid = {88915AA5-2EFB-4165-A3E1-87E8033B0611}
	EndGlobalSection
EndGlobal
