
Microsoft Visual Studio Solution File, Format Version 12.00
# Visual Studio Version 17
VisualStudioVersion = 17.14.36930.0 d17.14
MinimumVisualStudioVersion = 10.0.40219.1
Project("{FAE04EC0-301F-11D3-BF4B-00C04F79EFBC}") = "EntradadeDados", "EntradadeDados\EntradadeDados.csproj", "{A97DA40B-6F93-4794-989F-215898EB2E09}"
EndProject
Global
	GlobalSection(SolutionConfigurationPlatforms) = preSolution
		Debug|Any CPU = Debug|Any CPU
		Release|Any CPU = Release|Any CPU
	EndGlobalSection
	GlobalSection(ProjectConfigurationPlatforms) = postSolution
		{A97DA40B-6F93-4794-989F-215898EB2E09}.Debug|Any CPU.ActiveCfg = Debug|Any CPU
		{A97DA40B-6F93-4794-989F-215898EB2E09}.Debug|Any CPU.Build.0 = Debug|Any CPU
		{A97DA40B-6F93-4794-989F-215898EB2E09}.Release|Any CPU.ActiveCfg = Release|Any CPU
		{A97DA40B-6F93-4794-989F-215898EB2E09}.Release|Any CPU.Build.0 = Release|Any CPU
	EndGlobalSection
	GlobalSection(SolutionProperties) = preSolution
		HideSolutionNode = FALSE
	EndGlobalSection
	GlobalSection(ExtensibilityGlobals) = postSolution
		SolutionGuid = {5B2CD6E2-F160-4B7B-86DB-09D693F9453B}
	EndGlobalSection
EndGlobal
