
Microsoft Visual Studio Solution File, Format Version 12.00
# Visual Studio Version 17
VisualStudioVersion = 17.14.36930.0 d17.14
MinimumVisualStudioVersion = 10.0.40219.1
Project("{FAE04EC0-301F-11D3-BF4B-00C04F79EFBC}") = "EscopoInicializacao", "EscopoInicializacao\EscopoInicializacao.csproj", "{470BA9DF-4618-4657-8746-78055515C3D3}"
EndProject
Global
	GlobalSection(SolutionConfigurationPlatforms) = preSolution
		Debug|Any CPU = Debug|Any CPU
		Release|Any CPU = Release|Any CPU
	EndGlobalSection
	GlobalSection(ProjectConfigurationPlatforms) = postSolution
		{470BA9DF-4618-4657-8746-78055515C3D3}.Debug|Any CPU.ActiveCfg = Debug|Any CPU
		{470BA9DF-4618-4657-8746-78055515C3D3}.Debug|Any CPU.Build.0 = Debug|Any CPU
		{470BA9DF-4618-4657-8746-78055515C3D3}.Release|Any CPU.ActiveCfg = Release|Any CPU
		{470BA9DF-4618-4657-8746-78055515C3D3}.Release|Any CPU.Build.0 = Release|Any CPU
	EndGlobalSection
	GlobalSection(SolutionProperties) = preSolution
		HideSolutionNode = FALSE
	EndGlobalSection
	GlobalSection(ExtensibilityGlobals) = postSolution
		SolutionGuid = {40A2F369-DC07-4C5B-822C-6D33DCDE9AB8}
	EndGlobalSection
EndGlobal
